
Microsoft Visual Studio Solution File, Format Version 12.00
# Visual Studio Version 17
VisualStudioVersion = 17.5.33530.505
MinimumVisualStudioVersion = 10.0.40219.1
Project("{FAE04EC0-301F-11D3-BF4B-00C04F79EFBC}") = "problem26", "problem26\problem26.csproj", "{B9B63945-A9E9-4FB0-A6C8-92B0171A928B}"
EndProject
Global
	GlobalSection(SolutionConfigurationPlatforms) = preSolution
		Debug|Any CPU = Debug|Any CPU
		Release|Any CPU = Release|Any CPU
	EndGlobalSection
	GlobalSection(ProjectConfigurationPlatforms) = postSolution
		{B9B63945-A9E9-4FB0-A6C8-92B0171A928B}.Debug|Any CPU.ActiveCfg = Debug|Any CPU
		{B9B63945-A9E9-4FB0-A6C8-92B0171A928B}.Debug|Any CPU.Build.0 = Debug|Any CPU
		{B9B63945-A9E9-4FB0-A6C8-92B0171A928B}.Release|Any CPU.ActiveCfg = Release|Any CPU
		{B9B63945-A9E9-4FB0-A6C8-92B0171A928B}.Release|Any CPU.Build.0 = Release|Any CPU
	EndGlobalSection
	GlobalSection(SolutionProperties) = preSolution
		HideSolutionNode = FALSE
	EndGlobalSection
	GlobalSection(ExtensibilityGlobals) = postSolution
		SolutionGuid = {A8F0A1BF-0C7D-4462-84DF-D413E407590B}
	EndGlobalSection
EndGlobal
